github.com/jolatechno/ipfs-mpi/core/api v0.0.0-20200326152046-ccfbeb8b1c68 h1:qqetm4ejcoa37kkTQ58vyYjQrpW6neGxwp+GagaEHmE=
github.com/jolatechno/ipfs-mpi/core/api v0.0.0-20200326152046-ccfbeb8b1c68/go.mod h1:7v8GL29scYBvfb4h+pgsHNqky93M0g/d3dN1V7FTW0I=
github.com/jolatechno/ipfs-mpi/core/mpi-interface v0.0.0-20200326150253-1e1076b4098c/go.mod h1:F6HxH/lsw+3aQJJn9b5xXbUpILxC8M+AOXSzBimN/0k=
github.com/jolatechno/ipfs-mpi/core/mpi-interface v0.0.0-20200326152046-ccfbeb8b1c68 h1:uD7rW8gCUI7yaTtVqbUsxbB48vTTkxUjLFR56RxS6oc=
github.com/jolatechno/ipfs-mpi/core/mpi-interface v0.0.0-20200326152046-ccfbeb8b1c68/go.mod h1:F6HxH/lsw+3aQJJn9b5xXbUpILxC8M+AOXSzBimN/0k=
