github.com/jolatechno/ipfs-mpi v0.0.0-20200329081926-e9fbcd86cf4e h1:8T4qO+ltv+YVpXakrtjmoncSdiyD8EeHx38b7yPK57k=
github.com/jolatechno/ipfs-mpi/core v0.0.0-20200329081926-e9fbcd86cf4e h1:oyIIWphXUqtyuc9W1/CiG0y9ZgOtEEPE4B6hGA41MTY=
github.com/jolatechno/ipfs-mpi/core/messagestore v0.0.0-20200329081926-e9fbcd86cf4e h1:AVBfTTJtJWg/0f9ii1S2L+/MMSuj9IDl9SU/s/7Wlp0=
github.com/jolatechno/ipfs-mpi/core/messagestore v0.0.0-20200329081926-e9fbcd86cf4e/go.mod h1:MBIq3l2ylheQidf4tdEpCUwiAyaK+Qw2j530+TfC72M=
github.com/jolatechno/ipfs-mpi/core/messagestore v0.0.0-20200329095655-c9229dd334e7 h1:PTJsL7XHs2trGSPI+YpA2shHQfQpRnIweTaKHt8zRQk=
github.com/jolatechno/ipfs-mpi/core/messagestore v0.0.0-20200329095655-c9229dd334e7/go.mod h1:MBIq3l2ylheQidf4tdEpCUwiAyaK+Qw2j530+TfC72M=
github.com/jolatechno/ipfs-mpi/core/messagestore v0.0.0-20200329110245-70dd99d56ef9 h1:yOctn5FqOSOfmsZwaa+sIamhHeJRk/gi8RS1jSd35HI=
github.com/jolatechno/ipfs-mpi/core/messagestore v0.0.0-20200329110245-70dd99d56ef9/go.mod h1:MBIq3l2ylheQidf4tdEpCUwiAyaK+Qw2j530+TfC72M=
github.com/jolatechno/ipfs-mpi/core/messagestore v0.0.0-20200329145751-64277e247de5 h1:Bi0HEWyY+8YHVSWNZTwU6ioTh3UDn9vYMasfx50X/AY=
github.com/jolatechno/ipfs-mpi/core/messagestore v0.0.0-20200329145751-64277e247de5/go.mod h1:MBIq3l2ylheQidf4tdEpCUwiAyaK+Qw2j530+TfC72M=
github.com/jolatechno/ipfs-mpi/core/messagestore v0.0.0-20200330082832-04807137b0ce h1:WGHZw0naKCptxMzOnJTIyYuDpXalm1ifDQ2SYwHhfoc=
github.com/jolatechno/ipfs-mpi/core/messagestore v0.0.0-20200330082832-04807137b0ce/go.mod h1:MBIq3l2ylheQidf4tdEpCUwiAyaK+Qw2j530+TfC72M=
github.com/jolatechno/ipfs-mpi/core/mpi-interface v0.0.0-20200326154316-79576da251fc h1:2Qv5yrI6vUkK4u61T10NtTJ9vFqB1R6526Bh/Ee8PQ4=
github.com/jolatechno/ipfs-mpi/core/mpi-interface v0.0.0-20200326154316-79576da251fc/go.mod h1:F6HxH/lsw+3aQJJn9b5xXbUpILxC8M+AOXSzBimN/0k=
github.com/jolatechno/ipfs-mpi/core/mpi-interface v0.0.0-20200326164556-268360b7d323 h1:KJnd/ByP2qYZQEYQHzJaZ3Xj3gMWGAoVR90QGclsaQo=
github.com/jolatechno/ipfs-mpi/core/mpi-interface v0.0.0-20200326164556-268360b7d323/go.mod h1:F6HxH/lsw+3aQJJn9b5xXbUpILxC8M+AOXSzBimN/0k=
github.com/jolatechno/ipfs-mpi/core/mpi-interface v0.0.0-20200327103236-61fcd0e93391 h1:sruYwo2L3XR1FIXBFBatcAaialUa+/SCScD8yzgTAOI=
github.com/jolatechno/ipfs-mpi/core/mpi-interface v0.0.0-20200327103236-61fcd0e93391/go.mod h1:F6HxH/lsw+3aQJJn9b5xXbUpILxC8M+AOXSzBimN/0k=
github.com/jolatechno/ipfs-mpi/core/mpi-interface v0.0.0-20200327115223-8490f8444a26 h1:oVnooqU8hX7ieBs0v/n8qdISspG5NNleN1n18Catc20=
github.com/jolatechno/ipfs-mpi/core/mpi-interface v0.0.0-20200327115223-8490f8444a26/go.mod h1:F6HxH/lsw+3aQJJn9b5xXbUpILxC8M+AOXSzBimN/0k=
github.com/jolatechno/ipfs-mpi/core/mpi-interface v0.0.0-20200327124058-f1b1bf4eeb1b h1:Cy9gHt87k2ThHMWHGo+NeciiQqUterjlbPnzLE0Rp+U=
github.com/jolatechno/ipfs-mpi/core/mpi-interface v0.0.0-20200327124058-f1b1bf4eeb1b/go.mod h1:F6HxH/lsw+3aQJJn9b5xXbUpILxC8M+AOXSzBimN/0k=
github.com/jolatechno/ipfs-mpi/core/mpi-interface v0.0.0-20200327130203-425562be1627 h1:8ryLtbaQxZ8Ce9s/8hoSn3dcg1bhzg+RRU0HWNjFqNE=
github.com/jolatechno/ipfs-mpi/core/mpi-interface v0.0.0-20200327130203-425562be1627/go.mod h1:F6HxH/lsw+3aQJJn9b5xXbUpILxC8M+AOXSzBimN/0k=
github.com/jolatechno/ipfs-mpi/core/mpi-interface v0.0.0-20200327131909-23e3493af800 h1:6F6QgtqmGg3nNPwkn1WIN17LeVchykS5tUtaEk38efs=
github.com/jolatechno/ipfs-mpi/core/mpi-interface v0.0.0-20200327131909-23e3493af800/go.mod h1:F6HxH/lsw+3aQJJn9b5xXbUpILxC8M+AOXSzBimN/0k=
github.com/jolatechno/ipfs-mpi/core/mpi-interface v0.0.0-20200327132634-c3c5e46eab2f h1:cuEdyAuPjaOoioZd1enyYbLTVr7BbW9uUCr4oXF4jCo=
github.com/jolatechno/ipfs-mpi/core/mpi-interface v0.0.0-20200327132634-c3c5e46eab2f/go.mod h1:F6HxH/lsw+3aQJJn9b5xXbUpILxC8M+AOXSzBimN/0k=
github.com/jolatechno/ipfs-mpi/core/mpi-interface v0.0.0-20200327134624-58678d956f72 h1:QaEBXUP5s0QHDcQy/RxUsnnF7c6vM5D9AsK59T9AUfI=
github.com/jolatechno/ipfs-mpi/core/mpi-interface v0.0.0-20200327134624-58678d956f72/go.mod h1:F6HxH/lsw+3aQJJn9b5xXbUpILxC8M+AOXSzBimN/0k=
github.com/jolatechno/ipfs-mpi/core/mpi-interface v0.0.0-20200327180053-d927ccf8ca8e h1:vOucCHU9IOl/mdnRJOY2Otiq5gWWRi7WKdvUHKCQHNI=
github.com/jolatechno/ipfs-mpi/core/mpi-interface v0.0.0-20200327180053-d927ccf8ca8e/go.mod h1:F6HxH/lsw+3aQJJn9b5xXbUpILxC8M+AOXSzBimN/0k=
github.com/jolatechno/ipfs-mpi/core/mpi-interface v0.0.0-20200327191502-bc4e2ba72fd6 h1:uC8s3+8oYsowOqWxPsmVJnyAHY6u816cyhAOcMf3eq4=
github.com/jolatechno/ipfs-mpi/core/mpi-interface v0.0.0-20200327191502-bc4e2ba72fd6/go.mod h1:F6HxH/lsw+3aQJJn9b5xXbUpILxC8M+AOXSzBimN/0k=
github.com/jolatechno/ipfs-mpi/core/mpi-interface v0.0.0-20200328172047-19af16d405ca h1:aOLn/h+6eYoVOvbwtmUebjJihNQmSjJoP18lrUX63y0=
github.com/jolatechno/ipfs-mpi/core/mpi-interface v0.0.0-20200328172047-19af16d405ca/go.mod h1:F6HxH/lsw+3aQJJn9b5xXbUpILxC8M+AOXSzBimN/0k=
github.com/jolatechno/ipfs-mpi/core/mpi-interface v0.0.0-20200329081926-e9fbcd86cf4e h1:fHYFrTU9jgr4DpxFESsA4raLTC/rAU8G3d/3i7iC9cE=
github.com/jolatechno/ipfs-mpi/core/mpi-interface v0.0.0-20200329081926-e9fbcd86cf4e/go.mod h1:F6HxH/lsw+3aQJJn9b5xXbUpILxC8M+AOXSzBimN/0k=
