github.com/jolatechno/ipfs-mpi/core/mpi-interface v0.0.0-20200326154316-79576da251fc h1:2Qv5yrI6vUkK4u61T10NtTJ9vFqB1R6526Bh/Ee8PQ4=
github.com/jolatechno/ipfs-mpi/core/mpi-interface v0.0.0-20200326154316-79576da251fc/go.mod h1:F6HxH/lsw+3aQJJn9b5xXbUpILxC8M+AOXSzBimN/0k=
github.com/jolatechno/ipfs-mpi/core/mpi-interface v0.0.0-20200326164556-268360b7d323 h1:KJnd/ByP2qYZQEYQHzJaZ3Xj3gMWGAoVR90QGclsaQo=
github.com/jolatechno/ipfs-mpi/core/mpi-interface v0.0.0-20200326164556-268360b7d323/go.mod h1:F6HxH/lsw+3aQJJn9b5xXbUpILxC8M+AOXSzBimN/0k=
github.com/jolatechno/ipfs-mpi/core/mpi-interface v0.0.0-20200327103236-61fcd0e93391 h1:sruYwo2L3XR1FIXBFBatcAaialUa+/SCScD8yzgTAOI=
github.com/jolatechno/ipfs-mpi/core/mpi-interface v0.0.0-20200327103236-61fcd0e93391/go.mod h1:F6HxH/lsw+3aQJJn9b5xXbUpILxC8M+AOXSzBimN/0k=
